<?xml version="1.0" encoding="utf-8"?>
<Project ToolsVersion="4.0" xmlns="http://schemas.microsoft.com/developer/msbuild/2003">
  <ItemGroup>
    <ClCompile Include="Car.cpp" />
    <ClCompile Include="Game.cpp" />
    <ClCompile Include="GUI\Button.cpp" />
    <ClCompile Include="GUI\CheckBox.cpp" />
    <ClCompile Include="GUI\Gui.cpp" />
    <ClCompile Include="GUI\Label.cpp" />
    <ClCompile Include="GUI\RadioButton.cpp" />
    <ClCompile Include="GUI\Slider.cpp" />
    <ClCompile Include="GUI\Widget.cpp" />
    <ClCompile Include="Input\XboxController.cpp" />
    <ClCompile Include="LevelLoader.cpp" />
    <ClCompile Include="main.cpp" />
    <ClCompile Include="MathUtility.cpp" />
    <ClCompile Include="Obstacle.cpp" />
    <ClCompile Include="Player.cpp" />
    <ClCompile Include="Racer.cpp" />
    <ClCompile Include="ResourceManager.cpp" />
    <ClCompile Include="Screens\ScreenManager.cpp" />
    <ClCompile Include="Tile.cpp" />
    <ClCompile Include="Track.cpp" />
    <ClCompile Include="Screens\MainMenu.cpp" />
    <ClCompile Include="Screens\Screen.cpp" />
    <ClCompile Include="Screens\Options.cpp" />
  </ItemGroup>
  <ItemGroup>
    <ClInclude Include="Car.h" />
    <ClInclude Include="Game.h" />
    <ClInclude Include="GUI\Button.h" />
    <ClInclude Include="GUI\CheckBox.h" />
    <ClInclude Include="GUI\Gui.h" />
    <ClInclude Include="GUI\Label.h" />
    <ClInclude Include="GUI\RadioButton.h" />
    <ClInclude Include="GUI\Slider.h" />
    <ClInclude Include="GUI\Widget.h" />
    <ClInclude Include="Input\XboxController.h" />
    <ClInclude Include="LevelLoader.h" />
    <ClInclude Include="MathUtility.h" />
    <ClInclude Include="Obstacle.h" />
    <ClInclude Include="Player.h" />
    <ClInclude Include="Racer.h" />
    <ClInclude Include="ResourceManager.h" />
    <ClInclude Include="Screens\ScreenManager.h" />
    <ClInclude Include="Screens\MainMenu.h" />
    <ClInclude Include="Screens\Screen.h" />
    <ClInclude Include="Tile.h" />
    <ClInclude Include="Track.h" />
    <ClInclude Include="Screens\Options.h" />
  </ItemGroup>
</Project>